
Microsoft Visual Studio Solution File, Format Version 12.00
# Visual Studio Version 17
VisualStudioVersion = 17.5.002.0
MinimumVisualStudioVersion = 10.0.40219.1
Project("{9A19103F-16F7-4668-BE54-9A1E7A4F7556}") = "webapi", "webapi.csproj", "{2FF099BD-4648-49F5-9019-1535137064AF}"
EndProject
Global
	GlobalSection(SolutionConfigurationPlatforms) = preSolution
		Debug|Any CPU = Debug|Any CPU
		Release|Any CPU = Release|Any CPU
	EndGlobalSection
	GlobalSection(ProjectConfigurationPlatforms) = postSolution
		{2FF099BD-4648-49F5-9019-1535137064AF}.Debug|Any CPU.ActiveCfg = Debug|Any CPU
		{2FF099BD-4648-49F5-9019-1535137064AF}.Debug|Any CPU.Build.0 = Debug|Any CPU
		{2FF099BD-4648-49F5-9019-1535137064AF}.Release|Any CPU.ActiveCfg = Release|Any CPU
		{2FF099BD-4648-49F5-9019-1535137064AF}.Release|Any CPU.Build.0 = Release|Any CPU
	EndGlobalSection
	GlobalSection(SolutionProperties) = preSolution
		HideSolutionNode = FALSE
	EndGlobalSection
	GlobalSection(ExtensibilityGlobals) = postSolution
		SolutionGuid = {25363841-E0A3-4F0F-93C2-BF479CA00444}
	EndGlobalSection
EndGlobal
